<?xml version="1.0" encoding="utf-8"?>
<Project ToolsVersion="4.0" xmlns="http://schemas.microsoft.com/developer/msbuild/2003">
  <ItemGroup>
    <Filter Include="Core">
      <UniqueIdentifier>{9c334883-9da5-43df-bc3f-8153007e156c}</UniqueIdentifier>
    </Filter>
    <Filter Include="Core\Sources">
      <UniqueIdentifier>{7fa72373-0fc2-4e46-b89d-97a98f154665}</UniqueIdentifier>
    </Filter>
    <Filter Include="Core\Headers">
      <UniqueIdentifier>{6492626f-d0ac-4f10-984b-8003d9709b38}</UniqueIdentifier>
    </Filter>
    <Filter Include="UI">
      <UniqueIdentifier>{31157a6a-97c3-45ef-a128-e802902cedf7}</UniqueIdentifier>
    </Filter>
    <Filter Include="UI\Headers">
      <UniqueIdentifier>{2d374f6b-f8e5-4985-9546-a097675e4e5e}</UniqueIdentifier>
    </Filter>
    <Filter Include="UI\Sources">
      <UniqueIdentifier>{f1067abe-114d-49ba-a993-6a8a51a9ae3f}</UniqueIdentifier>
    </Filter>
  </ItemGroup>
  <ItemGroup>
    <ClInclude Include="Engine.h">
      <Filter>Core\Headers</Filter>
    </ClInclude>
    <ClInclude Include="Settings.h">
      <Filter>Core\Headers</Filter>
    </ClInclude>
    <ClInclude Include="Object.h">
      <Filter>Core\Headers</Filter>
    </ClInclude>
    <ClInclude Include="Scene.h">
      <Filter>Core\Headers</Filter>
    </ClInclude>
    <ClInclude Include="Player.h">
      <Filter>Core\Headers</Filter>
    </ClInclude>
    <ClInclude Include="Window.h">
      <Filter>UI\Headers</Filter>
    </ClInclude>
    <ClInclude Include="Widget.h">
      <Filter>UI\Headers</Filter>
    </ClInclude>
  </ItemGroup>
  <ItemGroup>
    <ClCompile Include="main.cpp">
      <Filter>Core\Sources</Filter>
    </ClCompile>
    <ClCompile Include="Engine.cpp">
      <Filter>Core\Sources</Filter>
    </ClCompile>
    <ClCompile Include="Settings.cpp">
      <Filter>Core\Sources</Filter>
    </ClCompile>
    <ClCompile Include="Object.cpp">
      <Filter>Core\Sources</Filter>
    </ClCompile>
    <ClCompile Include="Scene.cpp">
      <Filter>Core\Sources</Filter>
    </ClCompile>
    <ClCompile Include="Player.cpp">
      <Filter>Core\Sources</Filter>
    </ClCompile>
  </ItemGroup>
</Project>